
Microsoft Visual Studio Solution File, Format Version 12.00
# Visual Studio 15
VisualStudioVersion = 15.0.27004.2009
MinimumVisualStudioVersion = 10.0.40219.1
Project("{FAE04EC0-301F-11D3-BF4B-00C04F79EFBC}") = "Hospital", "Hospital\Hospital.csproj", "{E81380EE-263C-4E2B-AC53-9676724AF917}"
EndProject
Global
	GlobalSection(SolutionConfigurationPlatforms) = preSolution
		Debug|Any CPU = Debug|Any CPU
		Release|Any CPU = Release|Any CPU
	EndGlobalSection
	GlobalSection(ProjectConfigurationPlatforms) = postSolution
		{E81380EE-263C-4E2B-AC53-9676724AF917}.Debug|Any CPU.ActiveCfg = Debug|Any CPU
		{E81380EE-263C-4E2B-AC53-9676724AF917}.Debug|Any CPU.Build.0 = Debug|Any CPU
		{E81380EE-263C-4E2B-AC53-9676724AF917}.Release|Any CPU.ActiveCfg = Release|Any CPU
		{E81380EE-263C-4E2B-AC53-9676724AF917}.Release|Any CPU.Build.0 = Release|Any CPU
	EndGlobalSection
	GlobalSection(SolutionProperties) = preSolution
		HideSolutionNode = FALSE
	EndGlobalSection
	GlobalSection(ExtensibilityGlobals) = postSolution
		SolutionGuid = {848C4D5B-7639-4C55-81BB-DE3155801DB3}
	EndGlobalSection
EndGlobal
